// !$*UTF8*$!
{
	archiveVersion = 1;
	classes = {
	};
	objectVersion = 46;
	objects = {

/* Begin PBXBuildFile section */
		A55E021E1CFDBB36005F8997 /* AppDelegate.swift in Sources */ = {isa = PBXBuildFile; fileRef = A55E021D1CFDBB36005F8997 /* AppDelegate.swift */; };
		A55E02201CFDBB36005F8997 /* ViewController.swift in Sources */ = {isa = PBXBuildFile; fileRef = A55E021F1CFDBB36005F8997 /* ViewController.swift */; };
		A55E02231CFDBB36005F8997 /* Main.storyboard in Resources */ = {isa = PBXBuildFile; fileRef = A55E02211CFDBB36005F8997 /* Main.storyboard */; };
		A55E02251CFDBB36005F8997 /* Assets.xcassets in Resources */ = {isa = PBXBuildFile; fileRef = A55E02241CFDBB36005F8997 /* Assets.xcassets */; };
		A55E02281CFDBB36005F8997 /* LaunchScreen.storyboard in Resources */ = {isa = PBXBuildFile; fileRef = A55E02261CFDBB36005F8997 /* LaunchScreen.storyboard */; };
		A55E02351CFDBB58005F8997 /* SIALogger.framework in Frameworks */ = {isa = PBXBuildFile; fileRef = A55E02341CFDBB48005F8997 /* SIALogger.framework */; };
		A55E02361CFDBB58005F8997 /* SIALogger.framework in Embed Frameworks */ = {isa = PBXBuildFile; fileRef = A55E02341CFDBB48005F8997 /* SIALogger.framework */; settings = {ATTRIBUTES = (CodeSignOnCopy, RemoveHeadersOnCopy, ); }; };
/* End PBXBuildFile section */

/* Begin PBXContainerItemProxy section */
		A55E02331CFDBB48005F8997 /* PBXContainerItemProxy */ = {
			isa = PBXContainerItemProxy;
			containerPortal = A55E022F1CFDBB48005F8997 /* SIALogger.xcodeproj */;
			proxyType = 2;
			remoteGlobalIDString = A55E01CD1CFD6557005F8997;
			remoteInfo = SIALogger;
		};
		A55E02371CFDBB58005F8997 /* PBXContainerItemProxy */ = {
			isa = PBXContainerItemProxy;
			containerPortal = A55E022F1CFDBB48005F8997 /* SIALogger.xcodeproj */;
			proxyType = 1;
			remoteGlobalIDString = A55E01CC1CFD6557005F8997;
			remoteInfo = SIALogger;
		};
/* End PBXContainerItemProxy section */

/* Begin PBXCopyFilesBuildPhase section */
		A55E02391CFDBB58005F8997 /* Embed Frameworks */ = {
			isa = PBXCopyFilesBuildPhase;
			buildActionMask = 2147483647;
			dstPath = "";
			dstSubfolderSpec = 10;
			files = (
				A55E02361CFDBB58005F8997 /* SIALogger.framework in Embed Frameworks */,
			);
			name = "Embed Frameworks";
			runOnlyForDeploymentPostprocessing = 0;
		};
/* End PBXCopyFilesBuildPhase section */

/* Begin PBXFileReference section */
		A55E021A1CFDBB36005F8997 /* SIALoggerSample.app */ = {isa = PBXFileReference; explicitFileType = wrapper.application; includeInIndex = 0; path = SIALoggerSample.app; sourceTree = BUILT_PRODUCTS_DIR; };
		A55E021D1CFDBB36005F8997 /* AppDelegate.swift */ = {isa = PBXFileReference; lastKnownFileType = sourcecode.swift; path = AppDelegate.swift; sourceTree = "<group>"; };
		A55E021F1CFDBB36005F8997 /* ViewController.swift */ = {isa = PBXFileReference; lastKnownFileType = sourcecode.swift; path = ViewController.swift; sourceTree = "<group>"; };
		A55E02221CFDBB36005F8997 /* Base */ = {isa = PBXFileReference; lastKnownFileType = file.storyboard; name = Base; path = Base.lproj/Main.storyboard; sourceTree = "<group>"; };
		A55E02241CFDBB36005F8997 /* Assets.xcassets */ = {isa = PBXFileReference; lastKnownFileType = folder.assetcatalog; path = Assets.xcassets; sourceTree = "<group>"; };
		A55E02271CFDBB36005F8997 /* Base */ = {isa = PBXFileReference; lastKnownFileType = file.storyboard; name = Base; path = Base.lproj/LaunchScreen.storyboard; sourceTree = "<group>"; };
		A55E02291CFDBB36005F8997 /* Info.plist */ = {isa = PBXFileReference; lastKnownFileType = text.plist.xml; path = Info.plist; sourceTree = "<group>"; };
		A55E022F1CFDBB48005F8997 /* SIALogger.xcodeproj */ = {isa = PBXFileReference; lastKnownFileType = "wrapper.pb-project"; name = SIALogger.xcodeproj; path = ../SIALogger/SIALogger.xcodeproj; sourceTree = "<group>"; };
/* End PBXFileReference section */

/* Begin PBXFrameworksBuildPhase section */
		A55E02171CFDBB36005F8997 /* Frameworks */ = {
			isa = PBXFrameworksBuildPhase;
			buildActionMask = 2147483647;
			files = (
				A55E02351CFDBB58005F8997 /* SIALogger.framework in Frameworks */,
			);
			runOnlyForDeploymentPostprocessing = 0;
		};
/* End PBXFrameworksBuildPhase section */

/* Begin PBXGroup section */
		A55E02111CFDBB36005F8997 = {
			isa = PBXGroup;
			children = (
				A55E022F1CFDBB48005F8997 /* SIALogger.xcodeproj */,
				A55E021C1CFDBB36005F8997 /* SIALoggerSample */,
				A55E021B1CFDBB36005F8997 /* Products */,
			);
			sourceTree = "<group>";
		};
		A55E021B1CFDBB36005F8997 /* Products */ = {
			isa = PBXGroup;
			children = (
				A55E021A1CFDBB36005F8997 /* SIALoggerSample.app */,
			);
			name = Products;
			sourceTree = "<group>";
		};
		A55E021C1CFDBB36005F8997 /* SIALoggerSample */ = {
			isa = PBXGroup;
			children = (
				A55E021D1CFDBB36005F8997 /* AppDelegate.swift */,
				A55E021F1CFDBB36005F8997 /* ViewController.swift */,
				A55E02211CFDBB36005F8997 /* Main.storyboard */,
				A55E02241CFDBB36005F8997 /* Assets.xcassets */,
				A55E02261CFDBB36005F8997 /* LaunchScreen.storyboard */,
				A55E02291CFDBB36005F8997 /* Info.plist */,
			);
			path = SIALoggerSample;
			sourceTree = "<group>";
		};
		A55E02301CFDBB48005F8997 /* Products */ = {
			isa = PBXGroup;
			children = (
				A55E02341CFDBB48005F8997 /* SIALogger.framework */,
			);
			name = Products;
			sourceTree = "<group>";
		};
/* End PBXGroup section */

/* Begin PBXNativeTarget section */
		A55E02191CFDBB36005F8997 /* SIALoggerSample */ = {
			isa = PBXNativeTarget;
			buildConfigurationList = A55E022C1CFDBB36005F8997 /* Build configuration list for PBXNativeTarget "SIALoggerSample" */;
			buildPhases = (
				A55E02161CFDBB36005F8997 /* Sources */,
				A55E02171CFDBB36005F8997 /* Frameworks */,
				A55E02181CFDBB36005F8997 /* Resources */,
				A55E02391CFDBB58005F8997 /* Embed Frameworks */,
			);
			buildRules = (
			);
			dependencies = (
				A55E02381CFDBB58005F8997 /* PBXTargetDependency */,
			);
			name = SIALoggerSample;
			productName = SIALoggerSample;
			productReference = A55E021A1CFDBB36005F8997 /* SIALoggerSample.app */;
			productType = "com.apple.product-type.application";
		};
/* End PBXNativeTarget section */

/* Begin PBXProject section */
		A55E02121CFDBB36005F8997 /* Project object */ = {
			isa = PBXProject;
			attributes = {
				LastSwiftUpdateCheck = 0730;
				LastUpgradeCheck = 0730;
				ORGANIZATIONNAME = "Alexander Ivlev";
				TargetAttributes = {
					A55E02191CFDBB36005F8997 = {
						CreatedOnToolsVersion = 7.3.1;
					};
				};
			};
			buildConfigurationList = A55E02151CFDBB36005F8997 /* Build configuration list for PBXProject "SIALoggerSample" */;
			compatibilityVersion = "Xcode 3.2";
			developmentRegion = English;
			hasScannedForEncodings = 0;
			knownRegions = (
				en,
				Base,
			);
			mainGroup = A55E02111CFDBB36005F8997;
			productRefGroup = A55E021B1CFDBB36005F8997 /* Products */;
			projectDirPath = "";
			projectReferences = (
				{
					ProductGroup = A55E02301CFDBB48005F8997 /* Products */;
					ProjectRef = A55E022F1CFDBB48005F8997 /* SIALogger.xcodeproj */;
				},
			);
			projectRoot = "";
			targets = (
				A55E02191CFDBB36005F8997 /* SIALoggerSample */,
			);
		};
/* End PBXProject section */

/* Begin PBXReferenceProxy section */
		A55E02341CFDBB48005F8997 /* SIALogger.framework */ = {
			isa = PBXReferenceProxy;
			fileType = wrapper.framework;
			path = SIALogger.framework;
			remoteRef = A55E02331CFDBB48005F8997 /* PBXContainerItemProxy */;
			sourceTree = BUILT_PRODUCTS_DIR;
		};
/* End PBXReferenceProxy section */

/* Begin PBXResourcesBuildPhase section */
		A55E02181CFDBB36005F8997 /* Resources */ = {
			isa = PBXResourcesBuildPhase;
			buildActionMask = 2147483647;
			files = (
				A55E02281CFDBB36005F8997 /* LaunchScreen.storyboard in Resources */,
				A55E02251CFDBB36005F8997 /* Assets.xcassets in Resources */,
				A55E02231CFDBB36005F8997 /* Main.storyboard in Resources */,
			);
			runOnlyForDeploymentPostprocessing = 0;
		};
/* End PBXResourcesBuildPhase section */

/* Begin PBXSourcesBuildPhase section */
		A55E02161CFDBB36005F8997 /* Sources */ = {
			isa = PBXSourcesBuildPhase;
			buildActionMask = 2147483647;
			files = (
				A55E02201CFDBB36005F8997 /* ViewController.swift in Sources */,
				A55E021E1CFDBB36005F8997 /* AppDelegate.swift in Sources */,
			);
			runOnlyForDeploymentPostprocessing = 0;
		};
/* End PBXSourcesBuildPhase section */

/* Begin PBXTargetDependency section */
		A55E02381CFDBB58005F8997 /* PBXTargetDependency */ = {
			isa = PBXTargetDependency;
			name = SIALogger;
			targetProxy = A55E02371CFDBB58005F8997 /* PBXContainerItemProxy */;
		};
/* End PBXTargetDependency section */

/* Begin PBXVariantGroup section */
		A55E02211CFDBB36005F8997 /* Main.storyboard */ = {
			isa = PBXVariantGroup;
			children = (
				A55E02221CFDBB36005F8997 /* Base */,
			);
			name = Main.storyboard;
			sourceTree = "<group>";
		};
		A55E02261CFDBB36005F8997 /* LaunchScreen.storyboard */ = {
			isa = PBXVariantGroup;
			children = (
				A55E02271CFDBB36005F8997 /* Base */,
			);
			name = LaunchScreen.storyboard;
			sourceTree = "<group>";
		};
/* End PBXVariantGroup section */

/* Begin XCBuildConfiguration section */
		A55E022A1CFDBB36005F8997 /* Debug */ = {
			isa = XCBuildConfiguration;
			buildSettings = {
				ALWAYS_SEARCH_USER_PATHS = NO;
				CLANG_ANALYZER_NONNULL = YES;
				CLANG_CXX_LANGUAGE_STANDARD = "gnu++0x";
				CLANG_CXX_LIBRARY = "libc++";
				CLANG_ENABLE_MODULES = YES;
				CLANG_ENABLE_OBJC_ARC = YES;
				CLANG_WARN_BOOL_CONVERSION = YES;
				CLANG_WARN_CONSTANT_CONVERSION = YES;
				CLANG_WARN_DIRECT_OBJC_ISA_USAGE = YES_ERROR;
				CLANG_WARN_EMPTY_BODY = YES;
				CLANG_WARN_ENUM_CONVERSION = YES;
				CLANG_WARN_INT_CONVERSION = YES;
				CLANG_WARN_OBJC_ROOT_CLASS = YES_ERROR;
				CLANG_WARN_UNREACHABLE_CODE = YES;
				CLANG_WARN__DUPLICATE_METHOD_MATCH = YES;
				"CODE_SIGN_IDENTITY[sdk=iphoneos*]" = "iPhone Developer";
				COPY_PHASE_STRIP = NO;
				DEBUG_INFORMATION_FORMAT = dwarf;
				ENABLE_STRICT_OBJC_MSGSEND = YES;
				ENABLE_TESTABILITY = YES;
				GCC_C_LANGUAGE_STANDARD = gnu99;
				GCC_DYNAMIC_NO_PIC = NO;
				GCC_NO_COMMON_BLOCKS = YES;
				GCC_OPTIMIZATION_LEVEL = 0;
				GCC_PREPROCESSOR_DEFINITIONS = (
					"DEBUG=1",
					"$(inherited)",
				);
				GCC_WARN_64_TO_32_BIT_CONVERSION = YES;
				GCC_WARN_ABOUT_RETURN_TYPE = YES_ERROR;
				GCC_WARN_UNDECLARED_SELECTOR = YES;
				GCC_WARN_UNINITIALIZED_AUTOS = YES_AGGRESSIVE;
				GCC_WARN_UNUSED_FUNCTION = YES;
				GCC_WARN_UNUSED_VARIABLE = YES;
				IPHONEOS_DEPLOYMENT_TARGET = 9.3;
				MTL_ENABLE_DEBUG_INFO = YES;
				ONLY_ACTIVE_ARCH = YES;
				SDKROOT = iphoneos;
				SWIFT_OPTIMIZATION_LEVEL = "-Onone";
				TARGETED_DEVICE_FAMILY = "1,2";
			};
			name = Debug;
		};
		A55E022B1CFDBB36005F8997 /* Release */ = {
			isa = XCBuildConfiguration;
			buildSettings = {
				ALWAYS_SEARCH_USER_PATHS = NO;
				CLANG_ANALYZER_NONNULL = YES;
				CLANG_CXX_LANGUAGE_STANDARD = "gnu++0x";
				CLANG_CXX_LIBRARY = "libc++";
				CLANG_ENABLE_MODULES = YES;
				CLANG_ENABLE_OBJC_ARC = YES;
				CLANG_WARN_BOOL_CONVERSION = YES;
				CLANG_WARN_CONSTANT_CONVERSION = YES;
				CLANG_WARN_DIRECT_OBJC_ISA_USAGE = YES_ERROR;
				CLANG_WARN_EMPTY_BODY = YES;
				CLANG_WARN_ENUM_CONVERSION = YES;
				CLANG_WARN_INT_CONVERSION = YES;
				CLANG_WARN_OBJC_ROOT_CLASS = YES_ERROR;
				CLANG_WARN_UNREACHABLE_CODE = YES;
				CLANG_WARN__DUPLICATE_METHOD_MATCH = YES;
				"CODE_SIGN_IDENTITY[sdk=iphoneos*]" = "iPhone Developer";
				COPY_PHASE_STRIP = NO;
				DEBUG_INFORMATION_FORMAT = "dwarf-with-dsym";
				ENABLE_NS_ASSERTIONS = NO;
				ENABLE_STRICT_OBJC_MSGSEND = YES;
				GCC_C_LANGUAGE_STANDARD = gnu99;
				GCC_NO_COMMON_BLOCKS = YES;
				GCC_WARN_64_TO_32_BIT_CONVERSION = YES;
				GCC_WARN_ABOUT_RETURN_TYPE = YES_ERROR;
				GCC_WARN_UNDECLARED_SELECTOR = YES;
				GCC_WARN_UNINITIALIZED_AUTOS = YES_AGGRESSIVE;
				GCC_WARN_UNUSED_FUNCTION = YES;
				GCC_WARN_UNUSED_VARIABLE = YES;
				IPHONEOS_DEPLOYMENT_TARGET = 9.3;
				MTL_ENABLE_DEBUG_INFO = NO;
				SDKROOT = iphoneos;
				TARGETED_DEVICE_FAMILY = "1,2";
				VALIDATE_PRODUCT = YES;
			};
			name = Release;
		};
		A55E022D1CFDBB36005F8997 /* Debug */ = {
			isa = XCBuildConfiguration;
			buildSettings = {
				ASSETCATALOG_COMPILER_APPICON_NAME = AppIcon;
				EMBEDDED_CONTENT_CONTAINS_SWIFT = YES;
				INFOPLIST_FILE = SIALoggerSample/Info.plist;
				LD_RUNPATH_SEARCH_PATHS = "$(inherited) @executable_path/Frameworks";
				PRODUCT_BUNDLE_IDENTIFIER = com.sia.SIALoggerSample;
				PRODUCT_NAME = "$(TARGET_NAME)";
			};
			name = Debug;
		};
		A55E022E1CFDBB36005F8997 /* Release */ = {
			isa = XCBuildConfiguration;
			buildSettings = {
				ASSETCATALOG_COMPILER_APPICON_NAME = AppIcon;
				EMBEDDED_CONTENT_CONTAINS_SWIFT = YES;
				INFOPLIST_FILE = SIALoggerSample/Info.plist;
				LD_RUNPATH_SEARCH_PATHS = "$(inherited) @executable_path/Frameworks";
				PRODUCT_BUNDLE_IDENTIFIER = com.sia.SIALoggerSample;
				PRODUCT_NAME = "$(TARGET_NAME)";
			};
			name = Release;
		};
/* End XCBuildConfiguration section */

/* Begin XCConfigurationList section */
		A55E02151CFDBB36005F8997 /* Build configuration list for PBXProject "SIALoggerSample" */ = {
			isa = XCConfigurationList;
			buildConfigurations = (
				A55E022A1CFDBB36005F8997 /* Debug */,
				A55E022B1CFDBB36005F8997 /* Release */,
			);
			defaultConfigurationIsVisible = 0;
			defaultConfigurationName = Release;
		};
		A55E022C1CFDBB36005F8997 /* Build configuration list for PBXNativeTarget "SIALoggerSample" */ = {
			isa = XCConfigurationList;
			buildConfigurations = (
				A55E022D1CFDBB36005F8997 /* Debug */,
				A55E022E1CFDBB36005F8997 /* Release */,
			);
			defaultConfigurationIsVisible = 0;
			defaultConfigurationName = Release;
		};
/* End XCConfigurationList section */
	};
	rootObject = A55E02121CFDBB36005F8997 /* Project object */;
}
